{
  "version": 4,
  "terraform_version": "0.14.8",
  "serial": 5,
  "lineage": "dedb7c2c-6d0f-4db0-2238-a9a278bca80a",
  "outputs": {},
  "resources": [
    {
      "mode": "managed",
      "type": "aws_efs_file_system",
      "name": "file_system",
      "provider": "provider[\"registry.terraform.io/hashicorp/aws\"]",
      "instances": [
        {
          "schema_version": 0,
          "attributes": {
            "arn": "arn:aws:elasticfilesystem:us-east-1:650482310680:file-system/fs-5f58dfeb",
            "availability_zone_id": "",
            "availability_zone_name": "",
            "creation_token": "sample_token",
            "dns_name": "fs-5f58dfeb.efs.us-east-1.amazonaws.com",
            "encrypted": false,
            "id": "fs-5f58dfeb",
            "kms_key_id": "",
            "lifecycle_policy": [
              {
                "transition_to_ia": "AFTER_30_DAYS"
              }
            ],
            "number_of_mount_targets": 0,
            "owner_id": "650482310680",
            "performance_mode": "generalPurpose",
            "provisioned_throughput_in_mibps": 0,
            "size_in_bytes": [
              {
                "value": 6144,
                "value_in_ia": 0,
                "value_in_standard": 6144
              }
            ],
            "tags": {},
            "tags_all": {},
            "throughput_mode": "bursting"
          },
          "sensitive_attributes": [],
          "private": "bnVsbA=="
        }
      ]
    },
    {
      "mode": "managed",
      "type": "aws_efs_mount_target",
      "name": "alfa",
      "provider": "provider[\"registry.terraform.io/hashicorp/aws\"]",
      "instances": [
        {
          "schema_version": 0,
          "attributes": {
            "availability_zone_id": "use1-az1",
            "availability_zone_name": "us-east-1a",
            "dns_name": "fs-5f58dfeb.efs.us-east-1.amazonaws.com",
            "file_system_arn": "arn:aws:elasticfilesystem:us-east-1:650482310680:file-system/fs-5f58dfeb",
            "file_system_id": "fs-5f58dfeb",
            "id": "fsmt-72873cc7",
            "ip_address": "172.31.3.64",
            "mount_target_dns_name": "us-east-1a.fs-5f58dfeb.efs.us-east-1.amazonaws.com",
            "network_interface_id": "eni-0892c972b6f5f7aa5",
            "owner_id": "650482310680",
            "security_groups": [
              "sg-5a34e554"
            ],
            "subnet_id": "subnet-21086847"
          },
          "sensitive_attributes": [],
          "private": "bnVsbA==",
          "dependencies": [
            "aws_efs_file_system.file_system"
          ]
        }
      ]
    }
  ]
}
